
Microsoft Visual Studio Solution File, Format Version 12.00
# Visual Studio Version 16
VisualStudioVersion = 16.0.31105.61
MinimumVisualStudioVersion = 10.0.40219.1
Project("{FAE04EC0-301F-11D3-BF4B-00C04F79EFBC}") = "POS 2.0.Web", "POS 2.0.Web\POS 2.0.Web.csproj", "{355633BF-D1D9-4E24-8239-513C004BDB8E}"
EndProject
Global
	GlobalSection(SolutionConfigurationPlatforms) = preSolution
		Debug|Any CPU = Debug|Any CPU
		Release|Any CPU = Release|Any CPU
	EndGlobalSection
	GlobalSection(ProjectConfigurationPlatforms) = postSolution
		{355633BF-D1D9-4E24-8239-513C004BDB8E}.Debug|Any CPU.ActiveCfg = Debug|Any CPU
		{355633BF-D1D9-4E24-8239-513C004BDB8E}.Debug|Any CPU.Build.0 = Debug|Any CPU
		{355633BF-D1D9-4E24-8239-513C004BDB8E}.Release|Any CPU.ActiveCfg = Release|Any CPU
		{355633BF-D1D9-4E24-8239-513C004BDB8E}.Release|Any CPU.Build.0 = Release|Any CPU
	EndGlobalSection
	GlobalSection(SolutionProperties) = preSolution
		HideSolutionNode = FALSE
	EndGlobalSection
	GlobalSection(ExtensibilityGlobals) = postSolution
		SolutionGuid = {087FA234-1B83-40D7-8AC6-3CF3008720C7}
	EndGlobalSection
EndGlobal
